
Microsoft Visual Studio Solution File, Format Version 12.00
# Visual Studio Version 17
VisualStudioVersion = 17.4.33205.214
MinimumVisualStudioVersion = 10.0.40219.1
Project("{F184B08F-C81C-45F6-A57F-5ABD9991F28F}") = "Cronometro-05", "Cronometro-05.vbproj", "{7C9216FF-2C6E-4847-917E-7CE7B85F79EF}"
EndProject
Global
	GlobalSection(SolutionConfigurationPlatforms) = preSolution
		Debug|Any CPU = Debug|Any CPU
		Release|Any CPU = Release|Any CPU
	EndGlobalSection
	GlobalSection(ProjectConfigurationPlatforms) = postSolution
		{7C9216FF-2C6E-4847-917E-7CE7B85F79EF}.Debug|Any CPU.ActiveCfg = Debug|Any CPU
		{7C9216FF-2C6E-4847-917E-7CE7B85F79EF}.Debug|Any CPU.Build.0 = Debug|Any CPU
		{7C9216FF-2C6E-4847-917E-7CE7B85F79EF}.Release|Any CPU.ActiveCfg = Release|Any CPU
		{7C9216FF-2C6E-4847-917E-7CE7B85F79EF}.Release|Any CPU.Build.0 = Release|Any CPU
	EndGlobalSection
	GlobalSection(SolutionProperties) = preSolution
		HideSolutionNode = FALSE
	EndGlobalSection
	GlobalSection(ExtensibilityGlobals) = postSolution
		SolutionGuid = {549B2F76-9EAD-4331-9399-4DE6EC65868F}
	EndGlobalSection
EndGlobal
